PODS:
  - Bolts (1.9.0):
    - Bolts/AppLinks (= 1.9.0)
    - Bolts/Tasks (= 1.9.0)
  - Bolts/AppLinks (1.9.0):
    - Bolts/Tasks
  - Bolts/Tasks (1.9.0)
  - FacebookSDK (4.38.0):
    - Bolts (~> 1.9)
    - FacebookSDK/CoreKit (= 4.38.0)
    - FacebookSDK/MarketingKit (= 4.38.0)
  - FacebookSDK/CoreKit (4.38.0):
    - Bolts (~> 1.9)
    - FBSDKCoreKit
  - FacebookSDK/MarketingKit (4.38.0):
    - Bolts (~> 1.9)
    - FacebookSDK/CoreKit
    - FBSDKMarketingKit
  - FBSDKCoreKit (4.39.1):
    - Bolts (~> 1.9)
  - FBSDKLoginKit (4.39.1):
    - FBSDKCoreKit
  - FBSDKMarketingKit (4.38.0):
    - FBSDKCoreKit
  - FBSDKShareKit (4.39.1):
    - FBSDKCoreKit
  - Google-Maps-iOS-Utils (2.1.0):
    - Google-Maps-iOS-Utils/Clustering (= 2.1.0)
    - Google-Maps-iOS-Utils/Geometry (= 2.1.0)
    - Google-Maps-iOS-Utils/Heatmap (= 2.1.0)
    - Google-Maps-iOS-Utils/QuadTree (= 2.1.0)
    - GoogleMaps
  - Google-Maps-iOS-Utils/Clustering (2.1.0):
    - Google-Maps-iOS-Utils/QuadTree
    - GoogleMaps
  - Google-Maps-iOS-Utils/Geometry (2.1.0):
    - GoogleMaps
  - Google-Maps-iOS-Utils/Heatmap (2.1.0):
    - Google-Maps-iOS-Utils/QuadTree
    - GoogleMaps
  - Google-Maps-iOS-Utils/QuadTree (2.1.0):
    - GoogleMaps
  - GoogleMaps (2.5.0):
    - GoogleMaps/Maps (= 2.5.0)
  - GoogleMaps/Base (2.5.0)
  - GoogleMaps/Maps (2.5.0):
    - GoogleMaps/Base
  - React (0.57.8):
    - React/Core (= 0.57.8)
  - react-native-fbsdk (0.8.0):
    - React
    - react-native-fbsdk/Core (= 0.8.0)
    - react-native-fbsdk/Login (= 0.8.0)
    - react-native-fbsdk/Share (= 0.8.0)
  - react-native-fbsdk/Core (0.8.0):
    - FBSDKCoreKit
    - React
  - react-native-fbsdk/Login (0.8.0):
    - FBSDKLoginKit
    - React
  - react-native-fbsdk/Share (0.8.0):
    - FBSDKShareKit
    - React
  - react-native-google-maps (0.19.0):
    - GoogleMaps (= 2.5.0)
    - React
  - react-native-maps (0.19.0):
    - React
  - React/Core (0.57.8):
    - yoga (= 0.57.8.React)
  - React/fishhook (0.57.8)
  - React/RCTActionSheet (0.57.8):
    - React/Core
  - React/RCTAnimation (0.57.8):
    - React/Core
  - React/RCTBlob (0.57.8):
    - React/Core
  - React/RCTGeolocation (0.57.8):
    - React/Core
  - React/RCTImage (0.57.8):
    - React/Core
    - React/RCTNetwork
  - React/RCTLinkingIOS (0.57.8):
    - React/Core
  - React/RCTNetwork (0.57.8):
    - React/Core
  - React/RCTSettings (0.57.8):
    - React/Core
  - React/RCTText (0.57.8):
    - React/Core
  - React/RCTVibration (0.57.8):
    - React/Core
  - React/RCTWebSocket (0.57.8):
    - React/Core
    - React/fishhook
    - React/RCTBlob
  - RNSVG (8.0.10):
    - React
  - yoga (0.57.8.React)

DEPENDENCIES:
  - FacebookSDK (~> 4.38)
  - FBSDKLoginKit (~> 4.38)
  - FBSDKShareKit (~> 4.38)
  - Google-Maps-iOS-Utils (from `https://github.com/pjamrozowicz/google-maps-ios-utils.git`)
  - GoogleMaps
  - react-native-fbsdk (from `../node_modules/react-native-fbsdk`)
  - react-native-google-maps (from `../node_modules/react-native-maps`)
  - react-native-maps (from `../node_modules/react-native-maps`)
  - React/Core (from `../node_modules/react-native`)
  - React/RCTActionSheet (from `../node_modules/react-native`)
  - React/RCTAnimation (from `../node_modules/react-native`)
  - React/RCTGeolocation (from `../node_modules/react-native`)
  - React/RCTImage (from `../node_modules/react-native`)
  - React/RCTLinkingIOS (from `../node_modules/react-native`)
  - React/RCTNetwork (from `../node_modules/react-native`)
  - React/RCTSettings (from `../node_modules/react-native`)
  - React/RCTText (from `../node_modules/react-native`)
  - React/RCTVibration (from `../node_modules/react-native`)
  - React/RCTWebSocket (from `../node_modules/react-native`)
  - RNSVG (from `../node_modules/react-native-svg`)
  - yoga (from `../node_modules/react-native/ReactCommon/yoga/yoga.podspec`)

SPEC REPOS:
  https://github.com/cocoapods/specs.git:
    - Bolts
    - FacebookSDK
    - FBSDKCoreKit
    - FBSDKLoginKit
    - FBSDKMarketingKit
    - FBSDKShareKit
    - GoogleMaps

EXTERNAL SOURCES:
  Google-Maps-iOS-Utils:
    :git: https://github.com/pjamrozowicz/google-maps-ios-utils.git
  React:
    :path: "../node_modules/react-native"
  react-native-fbsdk:
    :path: "../node_modules/react-native-fbsdk"
  react-native-google-maps:
    :path: "../node_modules/react-native-maps"
  react-native-maps:
    :path: "../node_modules/react-native-maps"
  RNSVG:
    :path: "../node_modules/react-native-svg"
  yoga:
    :path: "../node_modules/react-native/ReactCommon/yoga/yoga.podspec"

CHECKOUT OPTIONS:
  Google-Maps-iOS-Utils:
    :commit: 62eeaa7f91c32dae7309dac36d3ad512e9d2c493
    :git: https://github.com/pjamrozowicz/google-maps-ios-utils.git

SPEC CHECKSUMS:
  Bolts: ac6567323eac61e203f6a9763667d0f711be34c8
  FacebookSDK: 73f54b8b94e09b05647cdef0af147f470cd3edc6
  FBSDKCoreKit: f442aa96179cc9b382bb4abeb7e340a47cca8f91
  FBSDKLoginKit: c3079d9a4db27c492287b1eed7a4272b28cf8a59
  FBSDKMarketingKit: e609f39d74ab273cf52e2f8b7e8829ed412b2827
  FBSDKShareKit: 27d7b982e7b1f4638da2f2b1ab6eba5afc6b5888
  Google-Maps-iOS-Utils: c32891ff472eaaa1fca032beedafa1a013af7875
  GoogleMaps: c087b8e5dfe87ca6ebf59adb9b4894a4146bec4f
  React: 1fe0eb13d90b625d94c3b117c274dcfd2e760e11
  react-native-fbsdk: d5f98cc5abecbcc463e3c35c04743d716d002d37
  react-native-google-maps: 963fc78a5ac32dad3a726e4fa08b5307faa5cab2
  react-native-maps: 066c2afcc89e18726377bcc685315f989ca22449
  RNSVG: 6252323c0312735f0af5f58b5adf2965b6a9ffbf
  yoga: b1ce48b6cf950b98deae82838f5173ea7cf89e85

PODFILE CHECKSUM: 506250d937cf97520adb0b74117c6419600f9ef8

COCOAPODS: 1.5.3
